
Microsoft Visual Studio Solution File, Format Version 12.00
# Visual Studio Version 17
VisualStudioVersion = 17.14.36616.10 d17.14
MinimumVisualStudioVersion = 10.0.40219.1
Project("{FAE04EC0-301F-11D3-BF4B-00C04F79EFBC}") = "RateLimiter", "RateLimiter\RateLimiter.csproj", "{7E2FDBE2-A764-41CA-8CDB-849BFD7ACA7D}"
EndProject
Project("{FAE04EC0-301F-11D3-BF4B-00C04F79EFBC}") = "RateLimiter.Test", "RateLimiter.Test\RateLimiter.Test.csproj", "{F487FFC2-942A-4D80-899E-2AF1D9FD6478}"
EndProject
Global
	GlobalSection(SolutionConfigurationPlatforms) = preSolution
		Debug|Any CPU = Debug|Any CPU
		Release|Any CPU = Release|Any CPU
	EndGlobalSection
	GlobalSection(ProjectConfigurationPlatforms) = postSolution
		{7E2FDBE2-A764-41CA-8CDB-849BFD7ACA7D}.Debug|Any CPU.ActiveCfg = Debug|Any CPU
		{7E2FDBE2-A764-41CA-8CDB-849BFD7ACA7D}.Debug|Any CPU.Build.0 = Debug|Any CPU
		{7E2FDBE2-A764-41CA-8CDB-849BFD7ACA7D}.Release|Any CPU.ActiveCfg = Release|Any CPU
		{7E2FDBE2-A764-41CA-8CDB-849BFD7ACA7D}.Release|Any CPU.Build.0 = Release|Any CPU
		{F487FFC2-942A-4D80-899E-2AF1D9FD6478}.Debug|Any CPU.ActiveCfg = Debug|Any CPU
		{F487FFC2-942A-4D80-899E-2AF1D9FD6478}.Debug|Any CPU.Build.0 = Debug|Any CPU
		{F487FFC2-942A-4D80-899E-2AF1D9FD6478}.Release|Any CPU.ActiveCfg = Release|Any CPU
		{F487FFC2-942A-4D80-899E-2AF1D9FD6478}.Release|Any CPU.Build.0 = Release|Any CPU
	EndGlobalSection
	GlobalSection(SolutionProperties) = preSolution
		HideSolutionNode = FALSE
	EndGlobalSection
	GlobalSection(ExtensibilityGlobals) = postSolution
		SolutionGuid = {7776E2D1-B90B-424A-ABC9-ACBA9CB361BB}
	EndGlobalSection
EndGlobal
